// !$*UTF8*$!
{
	archiveVersion = 1;
	classes = {
	};
	objectVersion = 56;
	objects = {

/* Begin PBXBuildFile section */
		781206062C75CAA300C07860 /* SwitchViewButton.swift in Sources */ = {isa = PBXBuildFile; fileRef = 781206052C75CAA300C07860 /* SwitchViewButton.swift */; };
		781206082C75D88300C07860 /* ListProductsView.swift in Sources */ = {isa = PBXBuildFile; fileRef = 781206072C75D88300C07860 /* ListProductsView.swift */; };
		7812060B2C75DAB000C07860 /* ListView.swift in Sources */ = {isa = PBXBuildFile; fileRef = 7812060A2C75DAB000C07860 /* ListView.swift */; };
		7812060D2C75DCA200C07860 /* ListImageLayer.swift in Sources */ = {isa = PBXBuildFile; fileRef = 7812060C2C75DCA200C07860 /* ListImageLayer.swift */; };
		781206102C75DD4D00C07860 /* ListViewModel.swift in Sources */ = {isa = PBXBuildFile; fileRef = 7812060F2C75DD4D00C07860 /* ListViewModel.swift */; };
		781206132C75FA8B00C07860 /* RoundedCorner.swift in Sources */ = {isa = PBXBuildFile; fileRef = 781206122C75FA8B00C07860 /* RoundedCorner.swift */; };
		781206152C75FF7E00C07860 /* SaleLabel.swift in Sources */ = {isa = PBXBuildFile; fileRef = 781206142C75FF7E00C07860 /* SaleLabel.swift */; };
		781206172C7613D600C07860 /* ListDescriptionLayer.swift in Sources */ = {isa = PBXBuildFile; fileRef = 781206162C7613D600C07860 /* ListDescriptionLayer.swift */; };
		783FA8F62C738E960084B6A8 /* UnitsPickerViewModel.swift in Sources */ = {isa = PBXBuildFile; fileRef = 783FA8F52C738E960084B6A8 /* UnitsPickerViewModel.swift */; };
		783FA8F82C738FC40084B6A8 /* CellViewModel.swift in Sources */ = {isa = PBXBuildFile; fileRef = 783FA8F72C738FC40084B6A8 /* CellViewModel.swift */; };
		783FA8FB2C7391D10084B6A8 /* ViewModel.swift in Sources */ = {isa = PBXBuildFile; fileRef = 783FA8FA2C7391D10084B6A8 /* ViewModel.swift */; };
		78620DE22C734E8800B343F8 /* UnitsPicker.swift in Sources */ = {isa = PBXBuildFile; fileRef = 78620DE12C734E8800B343F8 /* UnitsPicker.swift */; };
		78925D8A2C650E90008AA756 /* SparApp.swift in Sources */ = {isa = PBXBuildFile; fileRef = 78925D892C650E90008AA756 /* SparApp.swift */; };
		78925D8C2C650E90008AA756 /* ContentView.swift in Sources */ = {isa = PBXBuildFile; fileRef = 78925D8B2C650E90008AA756 /* ContentView.swift */; };
		78925D8E2C650E92008AA756 /* Assets.xcassets in Resources */ = {isa = PBXBuildFile; fileRef = 78925D8D2C650E92008AA756 /* Assets.xcassets */; };
		78925D912C650E92008AA756 /* Preview Assets.xcassets in Resources */ = {isa = PBXBuildFile; fileRef = 78925D902C650E92008AA756 /* Preview Assets.xcassets */; };
		78925D9B2C650E92008AA756 /* SPARAPPTests.swift in Sources */ = {isa = PBXBuildFile; fileRef = 78925D9A2C650E92008AA756 /* SPARAPPTests.swift */; };
		78925DA52C650E92008AA756 /* SPARAPPUITests.swift in Sources */ = {isa = PBXBuildFile; fileRef = 78925DA42C650E92008AA756 /* SPARAPPUITests.swift */; };
		78925DA72C650E92008AA756 /* SPARAPPUITestsLaunchTests.swift in Sources */ = {isa = PBXBuildFile; fileRef = 78925DA62C650E92008AA756 /* SPARAPPUITestsLaunchTests.swift */; };
		78925DB52C650F18008AA756 /* CellView.swift in Sources */ = {isa = PBXBuildFile; fileRef = 78925DB42C650F18008AA756 /* CellView.swift */; };
		78925DB72C651F3E008AA756 /* Model.swift in Sources */ = {isa = PBXBuildFile; fileRef = 78925DB62C651F3E008AA756 /* Model.swift */; };
		78CB698D2C732287006DD05B /* ButtonBasketView.swift in Sources */ = {isa = PBXBuildFile; fileRef = 78CB698C2C732287006DD05B /* ButtonBasketView.swift */; };
		78CB698F2C7322E4006DD05B /* PriceLayer.swift in Sources */ = {isa = PBXBuildFile; fileRef = 78CB698E2C7322E4006DD05B /* PriceLayer.swift */; };
		78CB69912C73232E006DD05B /* CellView+Description.swift in Sources */ = {isa = PBXBuildFile; fileRef = 78CB69902C73232E006DD05B /* CellView+Description.swift */; };
		78CB69932C732383006DD05B /* CellView+Image.swift in Sources */ = {isa = PBXBuildFile; fileRef = 78CB69922C732383006DD05B /* CellView+Image.swift */; };
		78F3DEE32C6A5BFF004AB285 /* CellRating.swift in Sources */ = {isa = PBXBuildFile; fileRef = 78F3DEE22C6A5BFF004AB285 /* CellRating.swift */; };
		78F528D32C77190100E58072 /* PriceLayerViewModel.swift in Sources */ = {isa = PBXBuildFile; fileRef = 78F528D22C77190100E58072 /* PriceLayerViewModel.swift */; };
		78F528D52C771D3100E58072 /* ButtonBasketViewModel.swift in Sources */ = {isa = PBXBuildFile; fileRef = 78F528D42C771D3100E58072 /* ButtonBasketViewModel.swift */; };
/* End PBXBuildFile section */

/* Begin PBXContainerItemProxy section */
		78925D972C650E92008AA756 /* PBXContainerItemProxy */ = {
			isa = PBXContainerItemProxy;
			containerPortal = 78925D7E2C650E90008AA756 /* Project object */;
			proxyType = 1;
			remoteGlobalIDString = 78925D852C650E90008AA756;
			remoteInfo = SPARAPP;
		};
		78925DA12C650E92008AA756 /* PBXContainerItemProxy */ = {
			isa = PBXContainerItemProxy;
			containerPortal = 78925D7E2C650E90008AA756 /* Project object */;
			proxyType = 1;
			remoteGlobalIDString = 78925D852C650E90008AA756;
			remoteInfo = SPARAPP;
		};
/* End PBXContainerItemProxy section */

/* Begin PBXFileReference section */
		781206052C75CAA300C07860 /* SwitchViewButton.swift */ = {isa = PBXFileReference; lastKnownFileType = sourcecode.swift; path = SwitchViewButton.swift; sourceTree = "<group>"; };
		781206072C75D88300C07860 /* ListProductsView.swift */ = {isa = PBXFileReference; lastKnownFileType = sourcecode.swift; path = ListProductsView.swift; sourceTree = "<group>"; };
		7812060A2C75DAB000C07860 /* ListView.swift */ = {isa = PBXFileReference; lastKnownFileType = sourcecode.swift; path = ListView.swift; sourceTree = "<group>"; };
		7812060C2C75DCA200C07860 /* ListImageLayer.swift */ = {isa = PBXFileReference; lastKnownFileType = sourcecode.swift; path = ListImageLayer.swift; sourceTree = "<group>"; };
		7812060F2C75DD4D00C07860 /* ListViewModel.swift */ = {isa = PBXFileReference; lastKnownFileType = sourcecode.swift; path = ListViewModel.swift; sourceTree = "<group>"; };
		781206122C75FA8B00C07860 /* RoundedCorner.swift */ = {isa = PBXFileReference; lastKnownFileType = sourcecode.swift; path = RoundedCorner.swift; sourceTree = "<group>"; };
		781206142C75FF7E00C07860 /* SaleLabel.swift */ = {isa = PBXFileReference; lastKnownFileType = sourcecode.swift; path = SaleLabel.swift; sourceTree = "<group>"; };
		781206162C7613D600C07860 /* ListDescriptionLayer.swift */ = {isa = PBXFileReference; lastKnownFileType = sourcecode.swift; path = ListDescriptionLayer.swift; sourceTree = "<group>"; };
		783FA8F52C738E960084B6A8 /* UnitsPickerViewModel.swift */ = {isa = PBXFileReference; lastKnownFileType = sourcecode.swift; path = UnitsPickerViewModel.swift; sourceTree = "<group>"; };
		783FA8F72C738FC40084B6A8 /* CellViewModel.swift */ = {isa = PBXFileReference; lastKnownFileType = sourcecode.swift; path = CellViewModel.swift; sourceTree = "<group>"; };
		783FA8FA2C7391D10084B6A8 /* ViewModel.swift */ = {isa = PBXFileReference; lastKnownFileType = sourcecode.swift; path = ViewModel.swift; sourceTree = "<group>"; };
		78620DE12C734E8800B343F8 /* UnitsPicker.swift */ = {isa = PBXFileReference; lastKnownFileType = sourcecode.swift; path = UnitsPicker.swift; sourceTree = "<group>"; };
		78925D862C650E90008AA756 /* SPARAPP.app */ = {isa = PBXFileReference; explicitFileType = wrapper.application; includeInIndex = 0; path = SPARAPP.app; sourceTree = BUILT_PRODUCTS_DIR; };
		78925D892C650E90008AA756 /* SparApp.swift */ = {isa = PBXFileReference; lastKnownFileType = sourcecode.swift; path = SparApp.swift; sourceTree = "<group>"; };
		78925D8B2C650E90008AA756 /* ContentView.swift */ = {isa = PBXFileReference; lastKnownFileType = sourcecode.swift; path = ContentView.swift; sourceTree = "<group>"; };
		78925D8D2C650E92008AA756 /* Assets.xcassets */ = {isa = PBXFileReference; lastKnownFileType = folder.assetcatalog; path = Assets.xcassets; sourceTree = "<group>"; };
		78925D902C650E92008AA756 /* Preview Assets.xcassets */ = {isa = PBXFileReference; lastKnownFileType = folder.assetcatalog; path = "Preview Assets.xcassets"; sourceTree = "<group>"; };
		78925D962C650E92008AA756 /* SPARAPPTests.xctest */ = {isa = PBXFileReference; explicitFileType = wrapper.cfbundle; includeInIndex = 0; path = SPARAPPTests.xctest; sourceTree = BUILT_PRODUCTS_DIR; };
		78925D9A2C650E92008AA756 /* SPARAPPTests.swift */ = {isa = PBXFileReference; lastKnownFileType = sourcecode.swift; path = SPARAPPTests.swift; sourceTree = "<group>"; };
		78925DA02C650E92008AA756 /* SPARAPPUITests.xctest */ = {isa = PBXFileReference; explicitFileType = wrapper.cfbundle; includeInIndex = 0; path = SPARAPPUITests.xctest; sourceTree = BUILT_PRODUCTS_DIR; };
		78925DA42C650E92008AA756 /* SPARAPPUITests.swift */ = {isa = PBXFileReference; lastKnownFileType = sourcecode.swift; path = SPARAPPUITests.swift; sourceTree = "<group>"; };
		78925DA62C650E92008AA756 /* SPARAPPUITestsLaunchTests.swift */ = {isa = PBXFileReference; lastKnownFileType = sourcecode.swift; path = SPARAPPUITestsLaunchTests.swift; sourceTree = "<group>"; };
		78925DB42C650F18008AA756 /* CellView.swift */ = {isa = PBXFileReference; lastKnownFileType = sourcecode.swift; path = CellView.swift; sourceTree = "<group>"; };
		78925DB62C651F3E008AA756 /* Model.swift */ = {isa = PBXFileReference; lastKnownFileType = sourcecode.swift; path = Model.swift; sourceTree = "<group>"; };
		78CB698C2C732287006DD05B /* ButtonBasketView.swift */ = {isa = PBXFileReference; lastKnownFileType = sourcecode.swift; path = ButtonBasketView.swift; sourceTree = "<group>"; };
		78CB698E2C7322E4006DD05B /* PriceLayer.swift */ = {isa = PBXFileReference; lastKnownFileType = sourcecode.swift; path = PriceLayer.swift; sourceTree = "<group>"; };
		78CB69902C73232E006DD05B /* CellView+Description.swift */ = {isa = PBXFileReference; lastKnownFileType = sourcecode.swift; path = "CellView+Description.swift"; sourceTree = "<group>"; };
		78CB69922C732383006DD05B /* CellView+Image.swift */ = {isa = PBXFileReference; lastKnownFileType = sourcecode.swift; path = "CellView+Image.swift"; sourceTree = "<group>"; };
		78F3DEE22C6A5BFF004AB285 /* CellRating.swift */ = {isa = PBXFileReference; lastKnownFileType = sourcecode.swift; path = CellRating.swift; sourceTree = "<group>"; };
		78F528D22C77190100E58072 /* PriceLayerViewModel.swift */ = {isa = PBXFileReference; lastKnownFileType = sourcecode.swift; path = PriceLayerViewModel.swift; sourceTree = "<group>"; };
		78F528D42C771D3100E58072 /* ButtonBasketViewModel.swift */ = {isa = PBXFileReference; lastKnownFileType = sourcecode.swift; path = ButtonBasketViewModel.swift; sourceTree = "<group>"; };
/* End PBXFileReference section */

/* Begin PBXFrameworksBuildPhase section */
		78925D832C650E90008AA756 /* Frameworks */ = {
			isa = PBXFrameworksBuildPhase;
			buildActionMask = 2147483647;
			files = (
			);
			runOnlyForDeploymentPostprocessing = 0;
		};
		78925D932C650E92008AA756 /* Frameworks */ = {
			isa = PBXFrameworksBuildPhase;
			buildActionMask = 2147483647;
			files = (
			);
			runOnlyForDeploymentPostprocessing = 0;
		};
		78925D9D2C650E92008AA756 /* Frameworks */ = {
			isa = PBXFrameworksBuildPhase;
			buildActionMask = 2147483647;
			files = (
			);
			runOnlyForDeploymentPostprocessing = 0;
		};
/* End PBXFrameworksBuildPhase section */

/* Begin PBXGroup section */
		781206032C75CA6200C07860 /* Views */ = {
			isa = PBXGroup;
			children = (
				781206092C75D89F00C07860 /* ListProductsView */,
				78925DB32C650F08008AA756 /* GridProductsView */,
				78DFB07C2C7871B400165992 /* ButtonBasket */,
				78F528D62C771FC200E58072 /* PriceLayer */,
				781206042C75CA8500C07860 /* SwitchViewButton */,
			);
			path = Views;
			sourceTree = "<group>";
		};
		781206042C75CA8500C07860 /* SwitchViewButton */ = {
			isa = PBXGroup;
			children = (
				781206052C75CAA300C07860 /* SwitchViewButton.swift */,
			);
			path = SwitchViewButton;
			sourceTree = "<group>";
		};
		781206092C75D89F00C07860 /* ListProductsView */ = {
			isa = PBXGroup;
			children = (
				7812060E2C75DD3700C07860 /* ViewModel */,
				781206072C75D88300C07860 /* ListProductsView.swift */,
				7812060A2C75DAB000C07860 /* ListView.swift */,
				7812060C2C75DCA200C07860 /* ListImageLayer.swift */,
				781206142C75FF7E00C07860 /* SaleLabel.swift */,
				781206162C7613D600C07860 /* ListDescriptionLayer.swift */,
			);
			path = ListProductsView;
			sourceTree = "<group>";
		};
		7812060E2C75DD3700C07860 /* ViewModel */ = {
			isa = PBXGroup;
			children = (
				7812060F2C75DD4D00C07860 /* ListViewModel.swift */,
			);
			path = ViewModel;
			sourceTree = "<group>";
		};
		781206112C75FA6000C07860 /* View+RoundedCorner */ = {
			isa = PBXGroup;
			children = (
				781206122C75FA8B00C07860 /* RoundedCorner.swift */,
			);
			path = "View+RoundedCorner";
			sourceTree = "<group>";
		};
		783FA8F42C738E680084B6A8 /* UnitsPicker */ = {
			isa = PBXGroup;
			children = (
				78620DE12C734E8800B343F8 /* UnitsPicker.swift */,
				783FA8F52C738E960084B6A8 /* UnitsPickerViewModel.swift */,
			);
			path = UnitsPicker;
			sourceTree = "<group>";
		};
		783FA8F92C7391AB0084B6A8 /* ViewModel */ = {
			isa = PBXGroup;
			children = (
				783FA8FA2C7391D10084B6A8 /* ViewModel.swift */,
			);
			path = ViewModel;
			sourceTree = "<group>";
		};
		78925D7D2C650E90008AA756 = {
			isa = PBXGroup;
			children = (
				781206112C75FA6000C07860 /* View+RoundedCorner */,
				781206032C75CA6200C07860 /* Views */,
				783FA8F92C7391AB0084B6A8 /* ViewModel */,
				78925DB82C651F42008AA756 /* Model */,
				78925D882C650E90008AA756 /* SPARAPP */,
				78925D992C650E92008AA756 /* SPARAPPTests */,
				78925DA32C650E92008AA756 /* SPARAPPUITests */,
				78925D872C650E90008AA756 /* Products */,
			);
			sourceTree = "<group>";
		};
		78925D872C650E90008AA756 /* Products */ = {
			isa = PBXGroup;
			children = (
				78925D862C650E90008AA756 /* SPARAPP.app */,
				78925D962C650E92008AA756 /* SPARAPPTests.xctest */,
				78925DA02C650E92008AA756 /* SPARAPPUITests.xctest */,
			);
			name = Products;
			sourceTree = "<group>";
		};
		78925D882C650E90008AA756 /* SPARAPP */ = {
			isa = PBXGroup;
			children = (
				78925D892C650E90008AA756 /* SparApp.swift */,
				78925D8B2C650E90008AA756 /* ContentView.swift */,
				78925D8D2C650E92008AA756 /* Assets.xcassets */,
				78925D8F2C650E92008AA756 /* Preview Content */,
			);
			path = SPARAPP;
			sourceTree = "<group>";
		};
		78925D8F2C650E92008AA756 /* Preview Content */ = {
			isa = PBXGroup;
			children = (
				78925D902C650E92008AA756 /* Preview Assets.xcassets */,
			);
			path = "Preview Content";
			sourceTree = "<group>";
		};
		78925D992C650E92008AA756 /* SPARAPPTests */ = {
			isa = PBXGroup;
			children = (
				78925D9A2C650E92008AA756 /* SPARAPPTests.swift */,
			);
			path = SPARAPPTests;
			sourceTree = "<group>";
		};
		78925DA32C650E92008AA756 /* SPARAPPUITests */ = {
			isa = PBXGroup;
			children = (
				78925DA42C650E92008AA756 /* SPARAPPUITests.swift */,
				78925DA62C650E92008AA756 /* SPARAPPUITestsLaunchTests.swift */,
			);
			path = SPARAPPUITests;
			sourceTree = "<group>";
		};
		78925DB32C650F08008AA756 /* GridProductsView */ = {
			isa = PBXGroup;
			children = (
				783FA8F42C738E680084B6A8 /* UnitsPicker */,
				78925DB42C650F18008AA756 /* CellView.swift */,
				783FA8F72C738FC40084B6A8 /* CellViewModel.swift */,
				78F3DEE22C6A5BFF004AB285 /* CellRating.swift */,
				78CB69902C73232E006DD05B /* CellView+Description.swift */,
				78CB69922C732383006DD05B /* CellView+Image.swift */,
				78F528D42C771D3100E58072 /* ButtonBasketViewModel.swift */,
			);
			path = GridProductsView;
			sourceTree = "<group>";
		};
		78925DB82C651F42008AA756 /* Model */ = {
			isa = PBXGroup;
			children = (
				78925DB62C651F3E008AA756 /* Model.swift */,
			);
			path = Model;
			sourceTree = "<group>";
		};
		78DFB07C2C7871B400165992 /* ButtonBasket */ = {
			isa = PBXGroup;
			children = (
				78CB698C2C732287006DD05B /* ButtonBasketView.swift */,
			);
			path = ButtonBasket;
			sourceTree = "<group>";
		};
		78F528D62C771FC200E58072 /* PriceLayer */ = {
			isa = PBXGroup;
			children = (
				78CB698E2C7322E4006DD05B /* PriceLayer.swift */,
				78F528D22C77190100E58072 /* PriceLayerViewModel.swift */,
			);
			path = PriceLayer;
			sourceTree = "<group>";
		};
/* End PBXGroup section */

/* Begin PBXNativeTarget section */
		78925D852C650E90008AA756 /* SPARAPP */ = {
			isa = PBXNativeTarget;
			buildConfigurationList = 78925DAA2C650E92008AA756 /* Build configuration list for PBXNativeTarget "SPARAPP" */;
			buildPhases = (
				78925D822C650E90008AA756 /* Sources */,
				78925D832C650E90008AA756 /* Frameworks */,
				78925D842C650E90008AA756 /* Resources */,
			);
			buildRules = (
			);
			dependencies = (
			);
			name = SPARAPP;
			productName = SPARAPP;
			productReference = 78925D862C650E90008AA756 /* SPARAPP.app */;
			productType = "com.apple.product-type.application";
		};
		78925D952C650E92008AA756 /* SPARAPPTests */ = {
			isa = PBXNativeTarget;
			buildConfigurationList = 78925DAD2C650E92008AA756 /* Build configuration list for PBXNativeTarget "SPARAPPTests" */;
			buildPhases = (
				78925D922C650E92008AA756 /* Sources */,
				78925D932C650E92008AA756 /* Frameworks */,
				78925D942C650E92008AA756 /* Resources */,
			);
			buildRules = (
			);
			dependencies = (
				78925D982C650E92008AA756 /* PBXTargetDependency */,
			);
			name = SPARAPPTests;
			productName = SPARAPPTests;
			productReference = 78925D962C650E92008AA756 /* SPARAPPTests.xctest */;
			productType = "com.apple.product-type.bundle.unit-test";
		};
		78925D9F2C650E92008AA756 /* SPARAPPUITests */ = {
			isa = PBXNativeTarget;
			buildConfigurationList = 78925DB02C650E92008AA756 /* Build configuration list for PBXNativeTarget "SPARAPPUITests" */;
			buildPhases = (
				78925D9C2C650E92008AA756 /* Sources */,
				78925D9D2C650E92008AA756 /* Frameworks */,
				78925D9E2C650E92008AA756 /* Resources */,
			);
			buildRules = (
			);
			dependencies = (
				78925DA22C650E92008AA756 /* PBXTargetDependency */,
			);
			name = SPARAPPUITests;
			productName = SPARAPPUITests;
			productReference = 78925DA02C650E92008AA756 /* SPARAPPUITests.xctest */;
			productType = "com.apple.product-type.bundle.ui-testing";
		};
/* End PBXNativeTarget section */

/* Begin PBXProject section */
		78925D7E2C650E90008AA756 /* Project object */ = {
			isa = PBXProject;
			attributes = {
				BuildIndependentTargetsInParallel = 1;
				LastSwiftUpdateCheck = 1430;
				LastUpgradeCheck = 1430;
				TargetAttributes = {
					78925D852C650E90008AA756 = {
						CreatedOnToolsVersion = 14.3.1;
					};
					78925D952C650E92008AA756 = {
						CreatedOnToolsVersion = 14.3.1;
						TestTargetID = 78925D852C650E90008AA756;
					};
					78925D9F2C650E92008AA756 = {
						CreatedOnToolsVersion = 14.3.1;
						TestTargetID = 78925D852C650E90008AA756;
					};
				};
			};
			buildConfigurationList = 78925D812C650E90008AA756 /* Build configuration list for PBXProject "SPARAPP" */;
			compatibilityVersion = "Xcode 14.0";
			developmentRegion = en;
			hasScannedForEncodings = 0;
			knownRegions = (
				en,
				Base,
			);
			mainGroup = 78925D7D2C650E90008AA756;
			productRefGroup = 78925D872C650E90008AA756 /* Products */;
			projectDirPath = "";
			projectRoot = "";
			targets = (
				78925D852C650E90008AA756 /* SPARAPP */,
				78925D952C650E92008AA756 /* SPARAPPTests */,
				78925D9F2C650E92008AA756 /* SPARAPPUITests */,
			);
		};
/* End PBXProject section */

/* Begin PBXResourcesBuildPhase section */
		78925D842C650E90008AA756 /* Resources */ = {
			isa = PBXResourcesBuildPhase;
			buildActionMask = 2147483647;
			files = (
				78925D912C650E92008AA756 /* Preview Assets.xcassets in Resources */,
				78925D8E2C650E92008AA756 /* Assets.xcassets in Resources */,
			);
			runOnlyForDeploymentPostprocessing = 0;
		};
		78925D942C650E92008AA756 /* Resources */ = {
			isa = PBXResourcesBuildPhase;
			buildActionMask = 2147483647;
			files = (
			);
			runOnlyForDeploymentPostprocessing = 0;
		};
		78925D9E2C650E92008AA756 /* Resources */ = {
			isa = PBXResourcesBuildPhase;
			buildActionMask = 2147483647;
			files = (
			);
			runOnlyForDeploymentPostprocessing = 0;
		};
/* End PBXResourcesBuildPhase section */

/* Begin PBXSourcesBuildPhase section */
		78925D822C650E90008AA756 /* Sources */ = {
			isa = PBXSourcesBuildPhase;
			buildActionMask = 2147483647;
			files = (
				78F528D52C771D3100E58072 /* ButtonBasketViewModel.swift in Sources */,
				78CB698F2C7322E4006DD05B /* PriceLayer.swift in Sources */,
				783FA8F62C738E960084B6A8 /* UnitsPickerViewModel.swift in Sources */,
				78925D8C2C650E90008AA756 /* ContentView.swift in Sources */,
				7812060B2C75DAB000C07860 /* ListView.swift in Sources */,
				78CB698D2C732287006DD05B /* ButtonBasketView.swift in Sources */,
				78925D8A2C650E90008AA756 /* SparApp.swift in Sources */,
				783FA8FB2C7391D10084B6A8 /* ViewModel.swift in Sources */,
				78F3DEE32C6A5BFF004AB285 /* CellRating.swift in Sources */,
				781206062C75CAA300C07860 /* SwitchViewButton.swift in Sources */,
				78CB69932C732383006DD05B /* CellView+Image.swift in Sources */,
				78620DE22C734E8800B343F8 /* UnitsPicker.swift in Sources */,
				781206172C7613D600C07860 /* ListDescriptionLayer.swift in Sources */,
				78F528D32C77190100E58072 /* PriceLayerViewModel.swift in Sources */,
				781206132C75FA8B00C07860 /* RoundedCorner.swift in Sources */,
				783FA8F82C738FC40084B6A8 /* CellViewModel.swift in Sources */,
				781206152C75FF7E00C07860 /* SaleLabel.swift in Sources */,
				781206082C75D88300C07860 /* ListProductsView.swift in Sources */,
				781206102C75DD4D00C07860 /* ListViewModel.swift in Sources */,
				78925DB52C650F18008AA756 /* CellView.swift in Sources */,
				7812060D2C75DCA200C07860 /* ListImageLayer.swift in Sources */,
				78CB69912C73232E006DD05B /* CellView+Description.swift in Sources */,
				78925DB72C651F3E008AA756 /* Model.swift in Sources */,
			);
			runOnlyForDeploymentPostprocessing = 0;
		};
		78925D922C650E92008AA756 /* Sources */ = {
			isa = PBXSourcesBuildPhase;
			buildActionMask = 2147483647;
			files = (
				78925D9B2C650E92008AA756 /* SPARAPPTests.swift in Sources */,
			);
			runOnlyForDeploymentPostprocessing = 0;
		};
		78925D9C2C650E92008AA756 /* Sources */ = {
			isa = PBXSourcesBuildPhase;
			buildActionMask = 2147483647;
			files = (
				78925DA72C650E92008AA756 /* SPARAPPUITestsLaunchTests.swift in Sources */,
				78925DA52C650E92008AA756 /* SPARAPPUITests.swift in Sources */,
			);
			runOnlyForDeploymentPostprocessing = 0;
		};
/* End PBXSourcesBuildPhase section */

/* Begin PBXTargetDependency section */
		78925D982C650E92008AA756 /* PBXTargetDependency */ = {
			isa = PBXTargetDependency;
			target = 78925D852C650E90008AA756 /* SPARAPP */;
			targetProxy = 78925D972C650E92008AA756 /* PBXContainerItemProxy */;
		};
		78925DA22C650E92008AA756 /* PBXTargetDependency */ = {
			isa = PBXTargetDependency;
			target = 78925D852C650E90008AA756 /* SPARAPP */;
			targetProxy = 78925DA12C650E92008AA756 /* PBXContainerItemProxy */;
		};
/* End PBXTargetDependency section */

/* Begin XCBuildConfiguration section */
		78925DA82C650E92008AA756 /* Debug */ = {
			isa = XCBuildConfiguration;
			buildSettings = {
				ALWAYS_SEARCH_USER_PATHS = NO;
				CLANG_ANALYZER_NONNULL = YES;
				CLANG_ANALYZER_NUMBER_OBJECT_CONVERSION = YES_AGGRESSIVE;
				CLANG_CXX_LANGUAGE_STANDARD = "gnu++20";
				CLANG_ENABLE_MODULES = YES;
				CLANG_ENABLE_OBJC_ARC = YES;
				CLANG_ENABLE_OBJC_WEAK = YES;
				CLANG_WARN_BLOCK_CAPTURE_AUTORELEASING = YES;
				CLANG_WARN_BOOL_CONVERSION = YES;
				CLANG_WARN_COMMA = YES;
				CLANG_WARN_CONSTANT_CONVERSION = YES;
				CLANG_WARN_DEPRECATED_OBJC_IMPLEMENTATIONS = YES;
				CLANG_WARN_DIRECT_OBJC_ISA_USAGE = YES_ERROR;
				CLANG_WARN_DOCUMENTATION_COMMENTS = YES;
				CLANG_WARN_EMPTY_BODY = YES;
				CLANG_WARN_ENUM_CONVERSION = YES;
				CLANG_WARN_INFINITE_RECURSION = YES;
				CLANG_WARN_INT_CONVERSION = YES;
				CLANG_WARN_NON_LITERAL_NULL_CONVERSION = YES;
				CLANG_WARN_OBJC_IMPLICIT_RETAIN_SELF = YES;
				CLANG_WARN_OBJC_LITERAL_CONVERSION = YES;
				CLANG_WARN_OBJC_ROOT_CLASS = YES_ERROR;
				CLANG_WARN_QUOTED_INCLUDE_IN_FRAMEWORK_HEADER = YES;
				CLANG_WARN_RANGE_LOOP_ANALYSIS = YES;
				CLANG_WARN_STRICT_PROTOTYPES = YES;
				CLANG_WARN_SUSPICIOUS_MOVE = YES;
				CLANG_WARN_UNGUARDED_AVAILABILITY = YES_AGGRESSIVE;
				CLANG_WARN_UNREACHABLE_CODE = YES;
				CLANG_WARN__DUPLICATE_METHOD_MATCH = YES;
				COPY_PHASE_STRIP = NO;
				DEBUG_INFORMATION_FORMAT = dwarf;
				ENABLE_STRICT_OBJC_MSGSEND = YES;
				ENABLE_TESTABILITY = YES;
				GCC_C_LANGUAGE_STANDARD = gnu11;
				GCC_DYNAMIC_NO_PIC = NO;
				GCC_NO_COMMON_BLOCKS = YES;
				GCC_OPTIMIZATION_LEVEL = 0;
				GCC_PREPROCESSOR_DEFINITIONS = (
					"DEBUG=1",
					"$(inherited)",
				);
				GCC_WARN_64_TO_32_BIT_CONVERSION = YES;
				GCC_WARN_ABOUT_RETURN_TYPE = YES_ERROR;
				GCC_WARN_UNDECLARED_SELECTOR = YES;
				GCC_WARN_UNINITIALIZED_AUTOS = YES_AGGRESSIVE;
				GCC_WARN_UNUSED_FUNCTION = YES;
				GCC_WARN_UNUSED_VARIABLE = YES;
				IPHONEOS_DEPLOYMENT_TARGET = 16.4;
				MTL_ENABLE_DEBUG_INFO = INCLUDE_SOURCE;
				MTL_FAST_MATH = YES;
				ONLY_ACTIVE_ARCH = YES;
				SDKROOT = iphoneos;
				SWIFT_ACTIVE_COMPILATION_CONDITIONS = DEBUG;
				SWIFT_OPTIMIZATION_LEVEL = "-Onone";
			};
			name = Debug;
		};
		78925DA92C650E92008AA756 /* Release */ = {
			isa = XCBuildConfiguration;
			buildSettings = {
				ALWAYS_SEARCH_USER_PATHS = NO;
				CLANG_ANALYZER_NONNULL = YES;
				CLANG_ANALYZER_NUMBER_OBJECT_CONVERSION = YES_AGGRESSIVE;
				CLANG_CXX_LANGUAGE_STANDARD = "gnu++20";
				CLANG_ENABLE_MODULES = YES;
				CLANG_ENABLE_OBJC_ARC = YES;
				CLANG_ENABLE_OBJC_WEAK = YES;
				CLANG_WARN_BLOCK_CAPTURE_AUTORELEASING = YES;
				CLANG_WARN_BOOL_CONVERSION = YES;
				CLANG_WARN_COMMA = YES;
				CLANG_WARN_CONSTANT_CONVERSION = YES;
				CLANG_WARN_DEPRECATED_OBJC_IMPLEMENTATIONS = YES;
				CLANG_WARN_DIRECT_OBJC_ISA_USAGE = YES_ERROR;
				CLANG_WARN_DOCUMENTATION_COMMENTS = YES;
				CLANG_WARN_EMPTY_BODY = YES;
				CLANG_WARN_ENUM_CONVERSION = YES;
				CLANG_WARN_INFINITE_RECURSION = YES;
				CLANG_WARN_INT_CONVERSION = YES;
				CLANG_WARN_NON_LITERAL_NULL_CONVERSION = YES;
				CLANG_WARN_OBJC_IMPLICIT_RETAIN_SELF = YES;
				CLANG_WARN_OBJC_LITERAL_CONVERSION = YES;
				CLANG_WARN_OBJC_ROOT_CLASS = YES_ERROR;
				CLANG_WARN_QUOTED_INCLUDE_IN_FRAMEWORK_HEADER = YES;
				CLANG_WARN_RANGE_LOOP_ANALYSIS = YES;
				CLANG_WARN_STRICT_PROTOTYPES = YES;
				CLANG_WARN_SUSPICIOUS_MOVE = YES;
				CLANG_WARN_UNGUARDED_AVAILABILITY = YES_AGGRESSIVE;
				CLANG_WARN_UNREACHABLE_CODE = YES;
				CLANG_WARN__DUPLICATE_METHOD_MATCH = YES;
				COPY_PHASE_STRIP = NO;
				DEBUG_INFORMATION_FORMAT = "dwarf-with-dsym";
				ENABLE_NS_ASSERTIONS = NO;
				ENABLE_STRICT_OBJC_MSGSEND = YES;
				GCC_C_LANGUAGE_STANDARD = gnu11;
				GCC_NO_COMMON_BLOCKS = YES;
				GCC_WARN_64_TO_32_BIT_CONVERSION = YES;
				GCC_WARN_ABOUT_RETURN_TYPE = YES_ERROR;
				GCC_WARN_UNDECLARED_SELECTOR = YES;
				GCC_WARN_UNINITIALIZED_AUTOS = YES_AGGRESSIVE;
				GCC_WARN_UNUSED_FUNCTION = YES;
				GCC_WARN_UNUSED_VARIABLE = YES;
				IPHONEOS_DEPLOYMENT_TARGET = 16.4;
				MTL_ENABLE_DEBUG_INFO = NO;
				MTL_FAST_MATH = YES;
				SDKROOT = iphoneos;
				SWIFT_COMPILATION_MODE = wholemodule;
				SWIFT_OPTIMIZATION_LEVEL = "-O";
				VALIDATE_PRODUCT = YES;
			};
			name = Release;
		};
		78925DAB2C650E92008AA756 /* Debug */ = {
			isa = XCBuildConfiguration;
			buildSettings = {
				ASSETCATALOG_COMPILER_APPICON_NAME = AppIcon;
				ASSETCATALOG_COMPILER_GLOBAL_ACCENT_COLOR_NAME = AccentColor;
				CODE_SIGN_STYLE = Automatic;
				CURRENT_PROJECT_VERSION = 1;
				DEVELOPMENT_ASSET_PATHS = "\"SPARAPP/Preview Content\"";
				ENABLE_PREVIEWS = YES;
				GENERATE_INFOPLIST_FILE = YES;
				INFOPLIST_KEY_UIApplicationSceneManifest_Generation = YES;
				INFOPLIST_KEY_UIApplicationSupportsIndirectInputEvents = YES;
				INFOPLIST_KEY_UILaunchScreen_Generation = YES;
				INFOPLIST_KEY_UISupportedInterfaceOrientations_iPad = "UIInterfaceOrientationPortrait UIInterfaceOrientationPortraitUpsideDown UIInterfaceOrientationLandscapeLeft UIInterfaceOrientationLandscapeRight";
				INFOPLIST_KEY_UISupportedInterfaceOrientations_iPhone = "UIInterfaceOrientationPortrait UIInterfaceOrientationLandscapeLeft UIInterfaceOrientationLandscapeRight";
				LD_RUNPATH_SEARCH_PATHS = (
					"$(inherited)",
					"@executable_path/Frameworks",
				);
				MARKETING_VERSION = 1.0;
				PRODUCT_BUNDLE_IDENTIFIER = s21.SPARAPP;
				PRODUCT_NAME = "$(TARGET_NAME)";
				SWIFT_EMIT_LOC_STRINGS = YES;
				SWIFT_VERSION = 5.0;
				TARGETED_DEVICE_FAMILY = "1,2";
			};
			name = Debug;
		};
		78925DAC2C650E92008AA756 /* Release */ = {
			isa = XCBuildConfiguration;
			buildSettings = {
				ASSETCATALOG_COMPILER_APPICON_NAME = AppIcon;
				ASSETCATALOG_COMPILER_GLOBAL_ACCENT_COLOR_NAME = AccentColor;
				CODE_SIGN_STYLE = Automatic;
				CURRENT_PROJECT_VERSION = 1;
				DEVELOPMENT_ASSET_PATHS = "\"SPARAPP/Preview Content\"";
				ENABLE_PREVIEWS = YES;
				GENERATE_INFOPLIST_FILE = YES;
				INFOPLIST_KEY_UIApplicationSceneManifest_Generation = YES;
				INFOPLIST_KEY_UIApplicationSupportsIndirectInputEvents = YES;
				INFOPLIST_KEY_UILaunchScreen_Generation = YES;
				INFOPLIST_KEY_UISupportedInterfaceOrientations_iPad = "UIInterfaceOrientationPortrait UIInterfaceOrientationPortraitUpsideDown UIInterfaceOrientationLandscapeLeft UIInterfaceOrientationLandscapeRight";
				INFOPLIST_KEY_UISupportedInterfaceOrientations_iPhone = "UIInterfaceOrientationPortrait UIInterfaceOrientationLandscapeLeft UIInterfaceOrientationLandscapeRight";
				LD_RUNPATH_SEARCH_PATHS = (
					"$(inherited)",
					"@executable_path/Frameworks",
				);
				MARKETING_VERSION = 1.0;
				PRODUCT_BUNDLE_IDENTIFIER = s21.SPARAPP;
				PRODUCT_NAME = "$(TARGET_NAME)";
				SWIFT_EMIT_LOC_STRINGS = YES;
				SWIFT_VERSION = 5.0;
				TARGETED_DEVICE_FAMILY = "1,2";
			};
			name = Release;
		};
		78925DAE2C650E92008AA756 /* Debug */ = {
			isa = XCBuildConfiguration;
			buildSettings = {
				ALWAYS_EMBED_SWIFT_STANDARD_LIBRARIES = YES;
				BUNDLE_LOADER = "$(TEST_HOST)";
				CODE_SIGN_STYLE = Automatic;
				CURRENT_PROJECT_VERSION = 1;
				GENERATE_INFOPLIST_FILE = YES;
				IPHONEOS_DEPLOYMENT_TARGET = 16.4;
				MARKETING_VERSION = 1.0;
				PRODUCT_BUNDLE_IDENTIFIER = s21.SPARAPPTests;
				PRODUCT_NAME = "$(TARGET_NAME)";
				SWIFT_EMIT_LOC_STRINGS = NO;
				SWIFT_VERSION = 5.0;
				TARGETED_DEVICE_FAMILY = "1,2";
				TEST_HOST = "$(BUILT_PRODUCTS_DIR)/SPARAPP.app/$(BUNDLE_EXECUTABLE_FOLDER_PATH)/SPARAPP";
			};
			name = Debug;
		};
		78925DAF2C650E92008AA756 /* Release */ = {
			isa = XCBuildConfiguration;
			buildSettings = {
				ALWAYS_EMBED_SWIFT_STANDARD_LIBRARIES = YES;
				BUNDLE_LOADER = "$(TEST_HOST)";
				CODE_SIGN_STYLE = Automatic;
				CURRENT_PROJECT_VERSION = 1;
				GENERATE_INFOPLIST_FILE = YES;
				IPHONEOS_DEPLOYMENT_TARGET = 16.4;
				MARKETING_VERSION = 1.0;
				PRODUCT_BUNDLE_IDENTIFIER = s21.SPARAPPTests;
				PRODUCT_NAME = "$(TARGET_NAME)";
				SWIFT_EMIT_LOC_STRINGS = NO;
				SWIFT_VERSION = 5.0;
				TARGETED_DEVICE_FAMILY = "1,2";
				TEST_HOST = "$(BUILT_PRODUCTS_DIR)/SPARAPP.app/$(BUNDLE_EXECUTABLE_FOLDER_PATH)/SPARAPP";
			};
			name = Release;
		};
		78925DB12C650E92008AA756 /* Debug */ = {
			isa = XCBuildConfiguration;
			buildSettings = {
				ALWAYS_EMBED_SWIFT_STANDARD_LIBRARIES = YES;
				CODE_SIGN_STYLE = Automatic;
				CURRENT_PROJECT_VERSION = 1;
				GENERATE_INFOPLIST_FILE = YES;
				MARKETING_VERSION = 1.0;
				PRODUCT_BUNDLE_IDENTIFIER = s21.SPARAPPUITests;
				PRODUCT_NAME = "$(TARGET_NAME)";
				SWIFT_EMIT_LOC_STRINGS = NO;
				SWIFT_VERSION = 5.0;
				TARGETED_DEVICE_FAMILY = "1,2";
				TEST_TARGET_NAME = SPARAPP;
			};
			name = Debug;
		};
		78925DB22C650E92008AA756 /* Release */ = {
			isa = XCBuildConfiguration;
			buildSettings = {
				ALWAYS_EMBED_SWIFT_STANDARD_LIBRARIES = YES;
				CODE_SIGN_STYLE = Automatic;
				CURRENT_PROJECT_VERSION = 1;
				GENERATE_INFOPLIST_FILE = YES;
				MARKETING_VERSION = 1.0;
				PRODUCT_BUNDLE_IDENTIFIER = s21.SPARAPPUITests;
				PRODUCT_NAME = "$(TARGET_NAME)";
				SWIFT_EMIT_LOC_STRINGS = NO;
				SWIFT_VERSION = 5.0;
				TARGETED_DEVICE_FAMILY = "1,2";
				TEST_TARGET_NAME = SPARAPP;
			};
			name = Release;
		};
/* End XCBuildConfiguration section */

/* Begin XCConfigurationList section */
		78925D812C650E90008AA756 /* Build configuration list for PBXProject "SPARAPP" */ = {
			isa = XCConfigurationList;
			buildConfigurations = (
				78925DA82C650E92008AA756 /* Debug */,
				78925DA92C650E92008AA756 /* Release */,
			);
			defaultConfigurationIsVisible = 0;
			defaultConfigurationName = Release;
		};
		78925DAA2C650E92008AA756 /* Build configuration list for PBXNativeTarget "SPARAPP" */ = {
			isa = XCConfigurationList;
			buildConfigurations = (
				78925DAB2C650E92008AA756 /* Debug */,
				78925DAC2C650E92008AA756 /* Release */,
			);
			defaultConfigurationIsVisible = 0;
			defaultConfigurationName = Release;
		};
		78925DAD2C650E92008AA756 /* Build configuration list for PBXNativeTarget "SPARAPPTests" */ = {
			isa = XCConfigurationList;
			buildConfigurations = (
				78925DAE2C650E92008AA756 /* Debug */,
				78925DAF2C650E92008AA756 /* Release */,
			);
			defaultConfigurationIsVisible = 0;
			defaultConfigurationName = Release;
		};
		78925DB02C650E92008AA756 /* Build configuration list for PBXNativeTarget "SPARAPPUITests" */ = {
			isa = XCConfigurationList;
			buildConfigurations = (
				78925DB12C650E92008AA756 /* Debug */,
				78925DB22C650E92008AA756 /* Release */,
			);
			defaultConfigurationIsVisible = 0;
			defaultConfigurationName = Release;
		};
/* End XCConfigurationList section */
	};
	rootObject = 78925D7E2C650E90008AA756 /* Project object */;
}
